{
  "version": 4,
  "terraform_version": "1.3.5",
  "serial": 4,
  "lineage": "ef36d86a-629c-54c1-f6ae-f79ceb91fd47",
  "outputs": {
    "mypassword": {
      "value": "AKIARDROAGDQBYK6UQWM",
      "type": "string",
      "sensitive": true
    }
  },
  "resources": [
    {
      "mode": "data",
      "type": "vault_generic_secret",
      "name": "mypass",
      "provider": "provider[\"registry.terraform.io/hashicorp/vault\"]",
      "instances": [
        {
          "schema_version": 0,
          "attributes": {
            "data": {
              "access_key": "AKIARDROAGDQBYK6UQWM",
              "ami": "ami-062df10d14676e201",
              "region": "ap-south-1",
              "secret_key": "EBDihsZVzFYeCUkWADmx3NPmIw0x2+J2Vg2w/3xl"
            },
            "data_json": "{\"access_key\":\"AKIARDROAGDQBYK6UQWM\",\"ami\":\"ami-062df10d14676e201\",\"region\":\"ap-south-1\",\"secret_key\":\"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\"}",
            "id": "ansible/aws",
            "lease_duration": 0,
            "lease_id": "",
            "lease_renewable": false,
            "lease_start_time": "2022-12-02T08:39:21Z",
            "namespace": null,
            "path": "ansible/aws",
            "version": -1,
            "with_lease_start_time": true
          },
          "sensitive_attributes": []
        }
      ]
    },
    {
      "module": "module.my-ec2-instances",
      "mode": "managed",
      "type": "aws_instance",
      "name": "my-ec2",
      "provider": "provider[\"registry.terraform.io/hashicorp/aws\"]",
      "instances": [
        {
          "schema_version": 1,
          "attributes": {
            "ami": "ami-062df10d14676e201",
            "arn": "arn:aws:ec2:ap-south-1:076332151008:instance/i-0e9dfbd90f2e5e894",
            "associate_public_ip_address": true,
            "availability_zone": "ap-south-1b",
            "capacity_reservation_specification": [
              {
                "capacity_reservation_preference": "open",
                "capacity_reservation_target": []
              }
            ],
            "cpu_core_count": 1,
            "cpu_threads_per_core": 1,
            "credit_specification": [
              {
                "cpu_credits": "standard"
              }
            ],
            "disable_api_stop": false,
            "disable_api_termination": false,
            "ebs_block_device": [],
            "ebs_optimized": false,
            "enclave_options": [
              {
                "enabled": false
              }
            ],
            "ephemeral_block_device": [],
            "get_password_data": false,
            "hibernation": false,
            "host_id": null,
            "host_resource_group_arn": null,
            "iam_instance_profile": "",
            "id": "i-0e9dfbd90f2e5e894",
            "instance_initiated_shutdown_behavior": "stop",
            "instance_state": "running",
            "instance_type": "t2.micro",
            "ipv6_address_count": 0,
            "ipv6_addresses": [],
            "key_name": "",
            "launch_template": [],
            "maintenance_options": [
              {
                "auto_recovery": "default"
              }
            ],
            "metadata_options": [
              {
                "http_endpoint": "enabled",
                "http_put_response_hop_limit": 1,
                "http_tokens": "optional",
                "instance_metadata_tags": "disabled"
              }
            ],
            "monitoring": false,
            "network_interface": [
              {
                "delete_on_termination": false,
                "device_index": 0,
                "network_card_index": 0,
                "network_interface_id": "eni-02e984f9ae3f410b7"
              }
            ],
            "outpost_arn": "",
            "password_data": "",
            "placement_group": "",
            "placement_partition_number": null,
            "primary_network_interface_id": "eni-02e984f9ae3f410b7",
            "private_dns": "ip-172-31-0-100.ap-south-1.compute.internal",
            "private_dns_name_options": [
              {
                "enable_resource_name_dns_a_record": false,
                "enable_resource_name_dns_aaaa_record": false,
                "hostname_type": "ip-name"
              }
            ],
            "private_ip": "172.31.0.100",
            "public_dns": "ec2-3-111-30-180.ap-south-1.compute.amazonaws.com",
            "public_ip": "3.111.30.180",
            "root_block_device": [
              {
                "delete_on_termination": true,
                "device_name": "/dev/sda1",
                "encrypted": false,
                "iops": 100,
                "kms_key_id": "",
                "tags": {},
                "throughput": 0,
                "volume_id": "vol-0da39d8e761e8f804",
                "volume_size": 8,
                "volume_type": "gp2"
              }
            ],
            "secondary_private_ips": [],
            "security_groups": [
              "default"
            ],
            "source_dest_check": true,
            "subnet_id": "subnet-0c20eb904ec065bcf",
            "tags": null,
            "tags_all": {},
            "tenancy": "default",
            "timeouts": null,
            "user_data": null,
            "user_data_base64": null,
            "user_data_replace_on_change": false,
            "volume_tags": null,
            "vpc_security_group_ids": [
              "sg-057deeb22373ba40e"
            ]
          },
          "sensitive_attributes": [],
          "private": "eyJlMmJmYjczMC1lY2FhLTExZTYtOGY4OC0zNDM2M2JjN2M0YzAiOnsiY3JlYXRlIjo2MDAwMDAwMDAwMDAsImRlbGV0ZSI6MTIwMDAwMDAwMDAwMCwidXBkYXRlIjo2MDAwMDAwMDAwMDB9LCJzY2hlbWFfdmVyc2lvbiI6IjEifQ==",
          "dependencies": [
            "data.vault_generic_secret.mypass",
            "module.network-interface.aws_network_interface.ens1"
          ]
        }
      ]
    },
    {
      "module": "module.network-interface",
      "mode": "managed",
      "type": "aws_network_interface",
      "name": "ens1",
      "provider": "provider[\"registry.terraform.io/hashicorp/aws\"]",
      "instances": [
        {
          "schema_version": 0,
          "attributes": {
            "arn": "arn:aws:ec2:ap-south-1:076332151008:network-interface/eni-02e984f9ae3f410b7",
            "attachment": [],
            "description": "",
            "id": "eni-02e984f9ae3f410b7",
            "interface_type": "interface",
            "ipv4_prefix_count": 0,
            "ipv4_prefixes": [],
            "ipv6_address_count": 0,
            "ipv6_address_list": [],
            "ipv6_address_list_enabled": false,
            "ipv6_addresses": [],
            "ipv6_prefix_count": 0,
            "ipv6_prefixes": [],
            "mac_address": "0a:f5:a6:e1:4e:7e",
            "outpost_arn": "",
            "owner_id": "076332151008",
            "private_dns_name": "ip-172-31-0-100.ap-south-1.compute.internal",
            "private_ip": "172.31.0.100",
            "private_ip_list": [
              "172.31.0.100"
            ],
            "private_ip_list_enabled": false,
            "private_ips": [
              "172.31.0.100"
            ],
            "private_ips_count": 0,
            "security_groups": [
              "sg-057deeb22373ba40e"
            ],
            "source_dest_check": true,
            "subnet_id": "subnet-0c20eb904ec065bcf",
            "tags": {
              "Name": "primary_network_interface"
            },
            "tags_all": {
              "Name": "primary_network_interface"
            }
          },
          "sensitive_attributes": [],
          "private": "bnVsbA==",
          "dependencies": [
            "data.vault_generic_secret.mypass"
          ]
        }
      ]
    }
  ],
  "check_results": null
}
